
Microsoft Visual Studio Solution File, Format Version 12.00
# Visual Studio 15
VisualStudioVersion = 15.0.28306.52
MinimumVisualStudioVersion = 10.0.40219.1
Project("{FAE04EC0-301F-11D3-BF4B-00C04F79EFBC}") = "Leseplan.Android", "Leseplan\Leseplan.Android\Leseplan.Android.csproj", "{32E37777-9684-4CEB-93D9-57699859E991}"
EndProject
Project("{FAE04EC0-301F-11D3-BF4B-00C04F79EFBC}") = "Leseplan.iOS", "Leseplan\Leseplan.iOS\Leseplan.iOS.csproj", "{8F6219D7-B897-4CC2-9972-DEB1BC350768}"
EndProject
Project("{FAE04EC0-301F-11D3-BF4B-00C04F79EFBC}") = "Leseplan", "Leseplan\Leseplan\Leseplan.csproj", "{95173FB1-02C5-45D6-881E-736ED2807E8C}"
EndProject
Global
	GlobalSection(SolutionConfigurationPlatforms) = preSolution
		Ad-Hoc|Any CPU = Ad-Hoc|Any CPU
		Ad-Hoc|iPhone = Ad-Hoc|iPhone
		Ad-Hoc|iPhoneSimulator = Ad-Hoc|iPhoneSimulator
		AppStore|Any CPU = AppStore|Any CPU
		AppStore|iPhone = AppStore|iPhone
		AppStore|iPhoneSimulator = AppStore|iPhoneSimulator
		Debug|Any CPU = Debug|Any CPU
		Debug|iPhone = Debug|iPhone
		Debug|iPhoneSimulator = Debug|iPhoneSimulator
		Release|Any CPU = Release|Any CPU
		Release|iPhone = Release|iPhone
		Release|iPhoneSimulator = Release|iPhoneSimulator
	EndGlobalSection
	GlobalSection(ProjectConfigurationPlatforms) = postSolution
		{32E37777-9684-4CEB-93D9-57699859E991}.Ad-Hoc|Any CPU.ActiveCfg = Release|Any CPU
		{32E37777-9684-4CEB-93D9-57699859E991}.Ad-Hoc|Any CPU.Build.0 = Release|Any CPU
		{32E37777-9684-4CEB-93D9-57699859E991}.Ad-Hoc|Any CPU.Deploy.0 = Release|Any CPU
		{32E37777-9684-4CEB-93D9-57699859E991}.Ad-Hoc|iPhone.ActiveCfg = Release|Any CPU
		{32E37777-9684-4CEB-93D9-57699859E991}.Ad-Hoc|iPhone.Build.0 = Release|Any CPU
		{32E37777-9684-4CEB-93D9-57699859E991}.Ad-Hoc|iPhone.Deploy.0 = Release|Any CPU
		{32E37777-9684-4CEB-93D9-57699859E991}.Ad-Hoc|iPhoneSimulator.ActiveCfg = Release|Any CPU
		{32E37777-9684-4CEB-93D9-57699859E991}.Ad-Hoc|iPhoneSimulator.Build.0 = Release|Any CPU
		{32E37777-9684-4CEB-93D9-57699859E991}.Ad-Hoc|iPhoneSimulator.Deploy.0 = Release|Any CPU
		{32E37777-9684-4CEB-93D9-57699859E991}.AppStore|Any CPU.ActiveCfg = Release|Any CPU
		{32E37777-9684-4CEB-93D9-57699859E991}.AppStore|Any CPU.Build.0 = Release|Any CPU
		{32E37777-9684-4CEB-93D9-57699859E991}.AppStore|Any CPU.Deploy.0 = Release|Any CPU
		{32E37777-9684-4CEB-93D9-57699859E991}.AppStore|iPhone.ActiveCfg = Release|Any CPU
		{32E37777-9684-4CEB-93D9-57699859E991}.AppStore|iPhone.Build.0 = Release|Any CPU
		{32E37777-9684-4CEB-93D9-57699859E991}.AppStore|iPhone.Deploy.0 = Release|Any CPU
		{32E37777-9684-4CEB-93D9-57699859E991}.AppStore|iPhoneSimulator.ActiveCfg = Release|Any CPU
		{32E37777-9684-4CEB-93D9-57699859E991}.AppStore|iPhoneSimulator.Build.0 = Release|Any CPU
		{32E37777-9684-4CEB-93D9-57699859E991}.AppStore|iPhoneSimulator.Deploy.0 = Release|Any CPU
		{32E37777-9684-4CEB-93D9-57699859E991}.Debug|Any CPU.ActiveCfg = Debug|Any CPU
		{32E37777-9684-4CEB-93D9-57699859E991}.Debug|Any CPU.Build.0 = Debug|Any CPU
		{32E37777-9684-4CEB-93D9-57699859E991}.Debug|Any CPU.Deploy.0 = Debug|Any CPU
		{32E37777-9684-4CEB-93D9-57699859E991}.Debug|iPhone.ActiveCfg = Debug|Any CPU
		{32E37777-9684-4CEB-93D9-57699859E991}.Debug|iPhone.Build.0 = Debug|Any CPU
		{32E37777-9684-4CEB-93D9-57699859E991}.Debug|iPhone.Deploy.0 = Debug|Any CPU
		{32E37777-9684-4CEB-93D9-57699859E991}.Debug|iPhoneSimulator.ActiveCfg = Debug|Any CPU
		{32E37777-9684-4CEB-93D9-57699859E991}.Debug|iPhoneSimulator.Build.0 = Debug|Any CPU
		{32E37777-9684-4CEB-93D9-57699859E991}.Debug|iPhoneSimulator.Deploy.0 = Debug|Any CPU
		{32E37777-9684-4CEB-93D9-57699859E991}.Release|Any CPU.ActiveCfg = Release|Any CPU
		{32E37777-9684-4CEB-93D9-57699859E991}.Release|Any CPU.Build.0 = Release|Any CPU
		{32E37777-9684-4CEB-93D9-57699859E991}.Release|Any CPU.Deploy.0 = Release|Any CPU
		{32E37777-9684-4CEB-93D9-57699859E991}.Release|iPhone.ActiveCfg = Release|Any CPU
		{32E37777-9684-4CEB-93D9-57699859E991}.Release|iPhone.Build.0 = Release|Any CPU
		{32E37777-9684-4CEB-93D9-57699859E991}.Release|iPhone.Deploy.0 = Release|Any CPU
		{32E37777-9684-4CEB-93D9-57699859E991}.Release|iPhoneSimulator.ActiveCfg = Release|Any CPU
		{32E37777-9684-4CEB-93D9-57699859E991}.Release|iPhoneSimulator.Build.0 = Release|Any CPU
		{32E37777-9684-4CEB-93D9-57699859E991}.Release|iPhoneSimulator.Deploy.0 = Release|Any CPU
		{8F6219D7-B897-4CC2-9972-DEB1BC350768}.Ad-Hoc|Any CPU.ActiveCfg = Ad-Hoc|iPhone
		{8F6219D7-B897-4CC2-9972-DEB1BC350768}.Ad-Hoc|Any CPU.Build.0 = Ad-Hoc|iPhone
		{8F6219D7-B897-4CC2-9972-DEB1BC350768}.Ad-Hoc|Any CPU.Deploy.0 = Ad-Hoc|iPhone
		{8F6219D7-B897-4CC2-9972-DEB1BC350768}.Ad-Hoc|iPhone.ActiveCfg = Ad-Hoc|iPhone
		{8F6219D7-B897-4CC2-9972-DEB1BC350768}.Ad-Hoc|iPhone.Build.0 = Ad-Hoc|iPhone
		{8F6219D7-B897-4CC2-9972-DEB1BC350768}.Ad-Hoc|iPhone.Deploy.0 = Ad-Hoc|iPhone
		{8F6219D7-B897-4CC2-9972-DEB1BC350768}.Ad-Hoc|iPhoneSimulator.ActiveCfg = Ad-Hoc|iPhoneSimulator
		{8F6219D7-B897-4CC2-9972-DEB1BC350768}.Ad-Hoc|iPhoneSimulator.Build.0 = Ad-Hoc|iPhoneSimulator
		{8F6219D7-B897-4CC2-9972-DEB1BC350768}.Ad-Hoc|iPhoneSimulator.Deploy.0 = Ad-Hoc|iPhoneSimulator
		{8F6219D7-B897-4CC2-9972-DEB1BC350768}.AppStore|Any CPU.ActiveCfg = AppStore|iPhone
		{8F6219D7-B897-4CC2-9972-DEB1BC350768}.AppStore|Any CPU.Build.0 = AppStore|iPhone
		{8F6219D7-B897-4CC2-9972-DEB1BC350768}.AppStore|Any CPU.Deploy.0 = AppStore|iPhone
		{8F6219D7-B897-4CC2-9972-DEB1BC350768}.AppStore|iPhone.ActiveCfg = AppStore|iPhone
		{8F6219D7-B897-4CC2-9972-DEB1BC350768}.AppStore|iPhone.Build.0 = AppStore|iPhone
		{8F6219D7-B897-4CC2-9972-DEB1BC350768}.AppStore|iPhone.Deploy.0 = AppStore|iPhone
		{8F6219D7-B897-4CC2-9972-DEB1BC350768}.AppStore|iPhoneSimulator.ActiveCfg = AppStore|iPhoneSimulator
		{8F6219D7-B897-4CC2-9972-DEB1BC350768}.AppStore|iPhoneSimulator.Build.0 = AppStore|iPhoneSimulator
		{8F6219D7-B897-4CC2-9972-DEB1BC350768}.AppStore|iPhoneSimulator.Deploy.0 = AppStore|iPhoneSimulator
		{8F6219D7-B897-4CC2-9972-DEB1BC350768}.Debug|Any CPU.ActiveCfg = Debug|iPhoneSimulator
		{8F6219D7-B897-4CC2-9972-DEB1BC350768}.Debug|Any CPU.Build.0 = Debug|iPhoneSimulator
		{8F6219D7-B897-4CC2-9972-DEB1BC350768}.Debug|Any CPU.Deploy.0 = Debug|iPhoneSimulator
		{8F6219D7-B897-4CC2-9972-DEB1BC350768}.Debug|iPhone.ActiveCfg = Debug|iPhone
		{8F6219D7-B897-4CC2-9972-DEB1BC350768}.Debug|iPhone.Build.0 = Debug|iPhone
		{8F6219D7-B897-4CC2-9972-DEB1BC350768}.Debug|iPhone.Deploy.0 = Debug|iPhone
		{8F6219D7-B897-4CC2-9972-DEB1BC350768}.Debug|iPhoneSimulator.ActiveCfg = Debug|iPhoneSimulator
		{8F6219D7-B897-4CC2-9972-DEB1BC350768}.Debug|iPhoneSimulator.Build.0 = Debug|iPhoneSimulator
		{8F6219D7-B897-4CC2-9972-DEB1BC350768}.Debug|iPhoneSimulator.Deploy.0 = Debug|iPhoneSimulator
		{8F6219D7-B897-4CC2-9972-DEB1BC350768}.Release|Any CPU.ActiveCfg = Release|iPhone
		{8F6219D7-B897-4CC2-9972-DEB1BC350768}.Release|Any CPU.Build.0 = Release|iPhone
		{8F6219D7-B897-4CC2-9972-DEB1BC350768}.Release|Any CPU.Deploy.0 = Release|iPhone
		{8F6219D7-B897-4CC2-9972-DEB1BC350768}.Release|iPhone.ActiveCfg = Release|iPhone
		{8F6219D7-B897-4CC2-9972-DEB1BC350768}.Release|iPhone.Build.0 = Release|iPhone
		{8F6219D7-B897-4CC2-9972-DEB1BC350768}.Release|iPhone.Deploy.0 = Release|iPhone
		{8F6219D7-B897-4CC2-9972-DEB1BC350768}.Release|iPhoneSimulator.ActiveCfg = Release|iPhoneSimulator
		{8F6219D7-B897-4CC2-9972-DEB1BC350768}.Release|iPhoneSimulator.Build.0 = Release|iPhoneSimulator
		{8F6219D7-B897-4CC2-9972-DEB1BC350768}.Release|iPhoneSimulator.Deploy.0 = Release|iPhoneSimulator
		{95173FB1-02C5-45D6-881E-736ED2807E8C}.Ad-Hoc|Any CPU.ActiveCfg = Debug|Any CPU
		{95173FB1-02C5-45D6-881E-736ED2807E8C}.Ad-Hoc|Any CPU.Build.0 = Debug|Any CPU
		{95173FB1-02C5-45D6-881E-736ED2807E8C}.Ad-Hoc|Any CPU.Deploy.0 = Debug|Any CPU
		{95173FB1-02C5-45D6-881E-736ED2807E8C}.Ad-Hoc|iPhone.ActiveCfg = Debug|Any CPU
		{95173FB1-02C5-45D6-881E-736ED2807E8C}.Ad-Hoc|iPhone.Build.0 = Debug|Any CPU
		{95173FB1-02C5-45D6-881E-736ED2807E8C}.Ad-Hoc|iPhone.Deploy.0 = Debug|Any CPU
		{95173FB1-02C5-45D6-881E-736ED2807E8C}.Ad-Hoc|iPhoneSimulator.ActiveCfg = Debug|Any CPU
		{95173FB1-02C5-45D6-881E-736ED2807E8C}.Ad-Hoc|iPhoneSimulator.Build.0 = Debug|Any CPU
		{95173FB1-02C5-45D6-881E-736ED2807E8C}.Ad-Hoc|iPhoneSimulator.Deploy.0 = Debug|Any CPU
		{95173FB1-02C5-45D6-881E-736ED2807E8C}.AppStore|Any CPU.ActiveCfg = Debug|Any CPU
		{95173FB1-02C5-45D6-881E-736ED2807E8C}.AppStore|Any CPU.Build.0 = Debug|Any CPU
		{95173FB1-02C5-45D6-881E-736ED2807E8C}.AppStore|Any CPU.Deploy.0 = Debug|Any CPU
		{95173FB1-02C5-45D6-881E-736ED2807E8C}.AppStore|iPhone.ActiveCfg = Debug|Any CPU
		{95173FB1-02C5-45D6-881E-736ED2807E8C}.AppStore|iPhone.Build.0 = Debug|Any CPU
		{95173FB1-02C5-45D6-881E-736ED2807E8C}.AppStore|iPhone.Deploy.0 = Debug|Any CPU
		{95173FB1-02C5-45D6-881E-736ED2807E8C}.AppStore|iPhoneSimulator.ActiveCfg = Debug|Any CPU
		{95173FB1-02C5-45D6-881E-736ED2807E8C}.AppStore|iPhoneSimulator.Build.0 = Debug|Any CPU
		{95173FB1-02C5-45D6-881E-736ED2807E8C}.AppStore|iPhoneSimulator.Deploy.0 = Debug|Any CPU
		{95173FB1-02C5-45D6-881E-736ED2807E8C}.Debug|Any CPU.ActiveCfg = Debug|Any CPU
		{95173FB1-02C5-45D6-881E-736ED2807E8C}.Debug|Any CPU.Build.0 = Debug|Any CPU
		{95173FB1-02C5-45D6-881E-736ED2807E8C}.Debug|Any CPU.Deploy.0 = Debug|Any CPU
		{95173FB1-02C5-45D6-881E-736ED2807E8C}.Debug|iPhone.ActiveCfg = Debug|Any CPU
		{95173FB1-02C5-45D6-881E-736ED2807E8C}.Debug|iPhone.Build.0 = Debug|Any CPU
		{95173FB1-02C5-45D6-881E-736ED2807E8C}.Debug|iPhone.Deploy.0 = Debug|Any CPU
		{95173FB1-02C5-45D6-881E-736ED2807E8C}.Debug|iPhoneSimulator.ActiveCfg = Debug|Any CPU
		{95173FB1-02C5-45D6-881E-736ED2807E8C}.Debug|iPhoneSimulator.Build.0 = Debug|Any CPU
		{95173FB1-02C5-45D6-881E-736ED2807E8C}.Debug|iPhoneSimulator.Deploy.0 = Debug|Any CPU
		{95173FB1-02C5-45D6-881E-736ED2807E8C}.Release|Any CPU.ActiveCfg = Release|Any CPU
		{95173FB1-02C5-45D6-881E-736ED2807E8C}.Release|Any CPU.Build.0 = Release|Any CPU
		{95173FB1-02C5-45D6-881E-736ED2807E8C}.Release|Any CPU.Deploy.0 = Release|Any CPU
		{95173FB1-02C5-45D6-881E-736ED2807E8C}.Release|iPhone.ActiveCfg = Release|Any CPU
		{95173FB1-02C5-45D6-881E-736ED2807E8C}.Release|iPhone.Build.0 = Release|Any CPU
		{95173FB1-02C5-45D6-881E-736ED2807E8C}.Release|iPhone.Deploy.0 = Release|Any CPU
		{95173FB1-02C5-45D6-881E-736ED2807E8C}.Release|iPhoneSimulator.ActiveCfg = Release|Any CPU
		{95173FB1-02C5-45D6-881E-736ED2807E8C}.Release|iPhoneSimulator.Build.0 = Release|Any CPU
		{95173FB1-02C5-45D6-881E-736ED2807E8C}.Release|iPhoneSimulator.Deploy.0 = Release|Any CPU
	EndGlobalSection
	GlobalSection(SolutionProperties) = preSolution
		HideSolutionNode = FALSE
	EndGlobalSection
	GlobalSection(ExtensibilityGlobals) = postSolution
		SolutionGuid = {EE882B20-7F34-409A-AE3E-8F8EAF33E60A}
	EndGlobalSection
EndGlobal
